
Microsoft Visual Studio Solution File, Format Version 12.00
# Visual Studio Version 16
VisualStudioVersion = 16.0.30711.63
MinimumVisualStudioVersion = 10.0.40219.1
Project("{FAE04EC0-301F-11D3-BF4B-00C04F79EFBC}") = "Method", "Method.csproj", "{BC71A92C-250C-4F53-9C9A-0995A0162691}"
EndProject
Global
	GlobalSection(SolutionConfigurationPlatforms) = preSolution
		Debug|Any CPU = Debug|Any CPU
		Release|Any CPU = Release|Any CPU
	EndGlobalSection
	GlobalSection(ProjectConfigurationPlatforms) = postSolution
		{BC71A92C-250C-4F53-9C9A-0995A0162691}.Debug|Any CPU.ActiveCfg = Debug|Any CPU
		{BC71A92C-250C-4F53-9C9A-0995A0162691}.Debug|Any CPU.Build.0 = Debug|Any CPU
		{BC71A92C-250C-4F53-9C9A-0995A0162691}.Release|Any CPU.ActiveCfg = Release|Any CPU
		{BC71A92C-250C-4F53-9C9A-0995A0162691}.Release|Any CPU.Build.0 = Release|Any CPU
	EndGlobalSection
	GlobalSection(SolutionProperties) = preSolution
		HideSolutionNode = FALSE
	EndGlobalSection
	GlobalSection(ExtensibilityGlobals) = postSolution
		SolutionGuid = {4F323A47-6140-4F68-A602-3FECB44B8F1F}
	EndGlobalSection
EndGlobal
